
Microsoft Visual Studio Solution File, Format Version 12.00
# Visual Studio Version 17
VisualStudioVersion = 17.14.36717.8
MinimumVisualStudioVersion = 10.0.40219.1
Project("{FAE04EC0-301F-11D3-BF4B-00C04F79EFBC}") = "CODEFirst", "CODEFirst\CODEFirst.csproj", "{2C0C45DC-87BF-4F9A-88C4-895A740A4A7E}"
EndProject
Global
	GlobalSection(SolutionConfigurationPlatforms) = preSolution
		Debug|Any CPU = Debug|Any CPU
		Release|Any CPU = Release|Any CPU
	EndGlobalSection
	GlobalSection(ProjectConfigurationPlatforms) = postSolution
		{2C0C45DC-87BF-4F9A-88C4-895A740A4A7E}.Debug|Any CPU.ActiveCfg = Debug|Any CPU
		{2C0C45DC-87BF-4F9A-88C4-895A740A4A7E}.Debug|Any CPU.Build.0 = Debug|Any CPU
		{2C0C45DC-87BF-4F9A-88C4-895A740A4A7E}.Release|Any CPU.ActiveCfg = Release|Any CPU
		{2C0C45DC-87BF-4F9A-88C4-895A740A4A7E}.Release|Any CPU.Build.0 = Release|Any CPU
	EndGlobalSection
	GlobalSection(SolutionProperties) = preSolution
		HideSolutionNode = FALSE
	EndGlobalSection
	GlobalSection(ExtensibilityGlobals) = postSolution
		SolutionGuid = {8A5ECFD4-97B4-4BB7-92C3-1555197F73C9}
	EndGlobalSection
EndGlobal
