
Microsoft Visual Studio Solution File, Format Version 12.00
# Visual Studio Version 17
VisualStudioVersion = 17.14.36717.8 d17.14
MinimumVisualStudioVersion = 10.0.40219.1
Project("{FAE04EC0-301F-11D3-BF4B-00C04F79EFBC}") = "linq_phan3_bai19", "linq_phan3_bai19\linq_phan3_bai19.csproj", "{59115A98-E3FC-4E70-801C-0A30AA7E36BF}"
EndProject
Global
	GlobalSection(SolutionConfigurationPlatforms) = preSolution
		Debug|Any CPU = Debug|Any CPU
		Release|Any CPU = Release|Any CPU
	EndGlobalSection
	GlobalSection(ProjectConfigurationPlatforms) = postSolution
		{59115A98-E3FC-4E70-801C-0A30AA7E36BF}.Debug|Any CPU.ActiveCfg = Debug|Any CPU
		{59115A98-E3FC-4E70-801C-0A30AA7E36BF}.Debug|Any CPU.Build.0 = Debug|Any CPU
		{59115A98-E3FC-4E70-801C-0A30AA7E36BF}.Release|Any CPU.ActiveCfg = Release|Any CPU
		{59115A98-E3FC-4E70-801C-0A30AA7E36BF}.Release|Any CPU.Build.0 = Release|Any CPU
	EndGlobalSection
	GlobalSection(SolutionProperties) = preSolution
		HideSolutionNode = FALSE
	EndGlobalSection
	GlobalSection(ExtensibilityGlobals) = postSolution
		SolutionGuid = {346104F2-912E-4EE2-BFB0-CDF668CF32DD}
	EndGlobalSection
EndGlobal
