
Microsoft Visual Studio Solution File, Format Version 12.00
# Visual Studio Version 17
VisualStudioVersion = 17.14.36717.8 d17.14
MinimumVisualStudioVersion = 10.0.40219.1
Project("{FAE04EC0-301F-11D3-BF4B-00C04F79EFBC}") = "LinQ_BaiTapTrenLop", "LinQ_BaiTapTrenLop\LinQ_BaiTapTrenLop.csproj", "{2EC8C649-9951-4796-B198-20D7530F9FC2}"
EndProject
Global
	GlobalSection(SolutionConfigurationPlatforms) = preSolution
		Debug|Any CPU = Debug|Any CPU
		Release|Any CPU = Release|Any CPU
	EndGlobalSection
	GlobalSection(ProjectConfigurationPlatforms) = postSolution
		{2EC8C649-9951-4796-B198-20D7530F9FC2}.Debug|Any CPU.ActiveCfg = Debug|Any CPU
		{2EC8C649-9951-4796-B198-20D7530F9FC2}.Debug|Any CPU.Build.0 = Debug|Any CPU
		{2EC8C649-9951-4796-B198-20D7530F9FC2}.Release|Any CPU.ActiveCfg = Release|Any CPU
		{2EC8C649-9951-4796-B198-20D7530F9FC2}.Release|Any CPU.Build.0 = Release|Any CPU
	EndGlobalSection
	GlobalSection(SolutionProperties) = preSolution
		HideSolutionNode = FALSE
	EndGlobalSection
	GlobalSection(ExtensibilityGlobals) = postSolution
		SolutionGuid = {FC8BD552-DD9A-451D-B011-B0A4CA0E37BC}
	EndGlobalSection
EndGlobal
