
Microsoft Visual Studio Solution File, Format Version 12.00
# Visual Studio Version 17
VisualStudioVersion = 17.14.36717.8 d17.14
MinimumVisualStudioVersion = 10.0.40219.1
Project("{FAE04EC0-301F-11D3-BF4B-00C04F79EFBC}") = "Phan1_Bai2", "Phan1_Bai2\Phan1_Bai2.csproj", "{4DEE2D19-CD38-4734-A5C9-52BED46CEE41}"
EndProject
Global
	GlobalSection(SolutionConfigurationPlatforms) = preSolution
		Debug|Any CPU = Debug|Any CPU
		Release|Any CPU = Release|Any CPU
	EndGlobalSection
	GlobalSection(ProjectConfigurationPlatforms) = postSolution
		{4DEE2D19-CD38-4734-A5C9-52BED46CEE41}.Debug|Any CPU.ActiveCfg = Debug|Any CPU
		{4DEE2D19-CD38-4734-A5C9-52BED46CEE41}.Debug|Any CPU.Build.0 = Debug|Any CPU
		{4DEE2D19-CD38-4734-A5C9-52BED46CEE41}.Release|Any CPU.ActiveCfg = Release|Any CPU
		{4DEE2D19-CD38-4734-A5C9-52BED46CEE41}.Release|Any CPU.Build.0 = Release|Any CPU
	EndGlobalSection
	GlobalSection(SolutionProperties) = preSolution
		HideSolutionNode = FALSE
	EndGlobalSection
	GlobalSection(ExtensibilityGlobals) = postSolution
		SolutionGuid = {E58C4A73-BD25-444C-895C-DBD0DC673CE0}
	EndGlobalSection
EndGlobal
