
Microsoft Visual Studio Solution File, Format Version 12.00
# Visual Studio Version 17
VisualStudioVersion = 17.14.36717.8 d17.14
MinimumVisualStudioVersion = 10.0.40219.1
Project("{FAE04EC0-301F-11D3-BF4B-00C04F79EFBC}") = "linq_phan2_bai11", "linq_phan2_bai11\linq_phan2_bai11.csproj", "{EBB755D9-A64B-4B40-AC32-60FE8E532077}"
EndProject
Global
	GlobalSection(SolutionConfigurationPlatforms) = preSolution
		Debug|Any CPU = Debug|Any CPU
		Release|Any CPU = Release|Any CPU
	EndGlobalSection
	GlobalSection(ProjectConfigurationPlatforms) = postSolution
		{EBB755D9-A64B-4B40-AC32-60FE8E532077}.Debug|Any CPU.ActiveCfg = Debug|Any CPU
		{EBB755D9-A64B-4B40-AC32-60FE8E532077}.Debug|Any CPU.Build.0 = Debug|Any CPU
		{EBB755D9-A64B-4B40-AC32-60FE8E532077}.Release|Any CPU.ActiveCfg = Release|Any CPU
		{EBB755D9-A64B-4B40-AC32-60FE8E532077}.Release|Any CPU.Build.0 = Release|Any CPU
	EndGlobalSection
	GlobalSection(SolutionProperties) = preSolution
		HideSolutionNode = FALSE
	EndGlobalSection
	GlobalSection(ExtensibilityGlobals) = postSolution
		SolutionGuid = {3148F962-B5FF-4E3C-A00A-82515ECB0822}
	EndGlobalSection
EndGlobal
