
Microsoft Visual Studio Solution File, Format Version 12.00
# Visual Studio Version 17
VisualStudioVersion = 17.14.36717.8 d17.14
MinimumVisualStudioVersion = 10.0.40219.1
Project("{FAE04EC0-301F-11D3-BF4B-00C04F79EFBC}") = "linq_phan2_bai10", "linq_phan2_bai10\linq_phan2_bai10.csproj", "{8E12953A-6DCD-48F9-8E4B-08CCE54A2346}"
EndProject
Global
	GlobalSection(SolutionConfigurationPlatforms) = preSolution
		Debug|Any CPU = Debug|Any CPU
		Release|Any CPU = Release|Any CPU
	EndGlobalSection
	GlobalSection(ProjectConfigurationPlatforms) = postSolution
		{8E12953A-6DCD-48F9-8E4B-08CCE54A2346}.Debug|Any CPU.ActiveCfg = Debug|Any CPU
		{8E12953A-6DCD-48F9-8E4B-08CCE54A2346}.Debug|Any CPU.Build.0 = Debug|Any CPU
		{8E12953A-6DCD-48F9-8E4B-08CCE54A2346}.Release|Any CPU.ActiveCfg = Release|Any CPU
		{8E12953A-6DCD-48F9-8E4B-08CCE54A2346}.Release|Any CPU.Build.0 = Release|Any CPU
	EndGlobalSection
	GlobalSection(SolutionProperties) = preSolution
		HideSolutionNode = FALSE
	EndGlobalSection
	GlobalSection(ExtensibilityGlobals) = postSolution
		SolutionGuid = {F3A6B67A-1B37-4B6A-BDC4-ECD3DFE0DC2D}
	EndGlobalSection
EndGlobal
