
Microsoft Visual Studio Solution File, Format Version 12.00
# Visual Studio Version 17
VisualStudioVersion = 17.14.36717.8 d17.14
MinimumVisualStudioVersion = 10.0.40219.1
Project("{FAE04EC0-301F-11D3-BF4B-00C04F79EFBC}") = "linq_phan1_bai3", "linq_phan1_bai3\linq_phan1_bai3.csproj", "{25827460-97ED-4884-8CB2-676072CB9C20}"
EndProject
Global
	GlobalSection(SolutionConfigurationPlatforms) = preSolution
		Debug|Any CPU = Debug|Any CPU
		Release|Any CPU = Release|Any CPU
	EndGlobalSection
	GlobalSection(ProjectConfigurationPlatforms) = postSolution
		{25827460-97ED-4884-8CB2-676072CB9C20}.Debug|Any CPU.ActiveCfg = Debug|Any CPU
		{25827460-97ED-4884-8CB2-676072CB9C20}.Debug|Any CPU.Build.0 = Debug|Any CPU
		{25827460-97ED-4884-8CB2-676072CB9C20}.Release|Any CPU.ActiveCfg = Release|Any CPU
		{25827460-97ED-4884-8CB2-676072CB9C20}.Release|Any CPU.Build.0 = Release|Any CPU
	EndGlobalSection
	GlobalSection(SolutionProperties) = preSolution
		HideSolutionNode = FALSE
	EndGlobalSection
	GlobalSection(ExtensibilityGlobals) = postSolution
		SolutionGuid = {9569C2CB-77C4-49C5-BE52-B372572B8538}
	EndGlobalSection
EndGlobal
